
Microsoft Visual Studio Solution File, Format Version 12.00
# Visual Studio Version 17
VisualStudioVersion = 17.13.35828.75
MinimumVisualStudioVersion = 10.0.40219.1
Project("{FAE04EC0-301F-11D3-BF4B-00C04F79EFBC}") = "HMW Weapons Editor", "WinFormsApp1\HMW Weapons Editor.csproj", "{A6B523C6-DB1F-47FB-BF85-8E5624F3DCA0}"
EndProject
Global
	GlobalSection(SolutionConfigurationPlatforms) = preSolution
		Debug|Any CPU = Debug|Any CPU
		Release|Any CPU = Release|Any CPU
	EndGlobalSection
	GlobalSection(ProjectConfigurationPlatforms) = postSolution
		{A6B523C6-DB1F-47FB-BF85-8E5624F3DCA0}.Debug|Any CPU.ActiveCfg = Debug|Any CPU
		{A6B523C6-DB1F-47FB-BF85-8E5624F3DCA0}.Debug|Any CPU.Build.0 = Debug|Any CPU
		{A6B523C6-DB1F-47FB-BF85-8E5624F3DCA0}.Release|Any CPU.ActiveCfg = Release|Any CPU
		{A6B523C6-DB1F-47FB-BF85-8E5624F3DCA0}.Release|Any CPU.Build.0 = Release|Any CPU
	EndGlobalSection
	GlobalSection(SolutionProperties) = preSolution
		HideSolutionNode = FALSE
	EndGlobalSection
	GlobalSection(ExtensibilityGlobals) = postSolution
		SolutionGuid = {A7301510-4B7E-4B2F-A561-2F04A125983E}
	EndGlobalSection
EndGlobal
